
Microsoft Visual Studio Solution File, Format Version 12.00
# Visual Studio 15
VisualStudioVersion = 15.0.35714.111
MinimumVisualStudioVersion = 10.0.40219.1
Project("{FAE04EC0-301F-11D3-BF4B-00C04F79EFBC}") = "Groccery_Application", "Groccery_Application\Groccery_Application.csproj", "{D2108D31-D40B-4431-93D5-84F2168F626B}"
EndProject
Global
	GlobalSection(SolutionConfigurationPlatforms) = preSolution
		Debug|Any CPU = Debug|Any CPU
		Release|Any CPU = Release|Any CPU
	EndGlobalSection
	GlobalSection(ProjectConfigurationPlatforms) = postSolution
		{D2108D31-D40B-4431-93D5-84F2168F626B}.Debug|Any CPU.ActiveCfg = Debug|Any CPU
		{D2108D31-D40B-4431-93D5-84F2168F626B}.Debug|Any CPU.Build.0 = Debug|Any CPU
		{D2108D31-D40B-4431-93D5-84F2168F626B}.Release|Any CPU.ActiveCfg = Release|Any CPU
		{D2108D31-D40B-4431-93D5-84F2168F626B}.Release|Any CPU.Build.0 = Release|Any CPU
	EndGlobalSection
	GlobalSection(SolutionProperties) = preSolution
		HideSolutionNode = FALSE
	EndGlobalSection
	GlobalSection(ExtensibilityGlobals) = postSolution
		SolutionGuid = {CC9B0330-8737-481F-B40D-80B5F719592B}
	EndGlobalSection
EndGlobal
